github.com/aws/aws-lambda-go v1.54.0 h1:EGYpdyRGF88xszqlGcBewz811mJeRS+maNlLZXFheII=
github.com/aws/aws-lambda-go v1.54.0/go.mod h1:dpMpZgvWx5vuQJfBt0zqBha60q7Dd7RfgJv23DymV8A=
github.com/aws/aws-sdk-go-v2 v1.44.0 h1:4IbaHhtzy+4h37z4JQyO9a2QsiCml3CNYHtq5hIHigo=
github.com/aws/aws-sdk-go-v2 v1.44.0/go.mod h1:bttEH6JqnUL8LepvDVfdrds/fZ5bCIxzpe3abyUrhDU=
github.com/aws/aws-sdk-go-v2/config v1.32.40 h1:lAVC9gMmKusmqDRe32dPtgKl/BWvJmMJoWELKHCAObw=
github.com/aws/aws-sdk-go-v2/config v1.32.40/go.mod h1:8xOJLbe/hOj1g4PVsfJYV7O2byq+UGET1onDdUgbwqc=
github.com/aws/aws-sdk-go-v2/credentials v1.19.39 h1:XOg8LC3Kgnsa3WiPQjc7Bi8k5IBN92cPYfIV9XMFss0=
github.com/aws/aws-sdk-go-v2/credentials v1.19.39/go.mod h1:GonTDBQ+mTpCVNwaHjj0PagspfrYYMEqOx7FehoEP/I=
github.com/aws/aws-sdk-go-v2/feature/dynamodb/attributevalue v1.20.64 h1:63wi9vS7MtslsyO0/mT6/38f3Zq1UZ9NBNwKSYuIwQk=
github.com/aws/aws-sdk-go-v2/feature/dynamodb/attributevalue v1.20.64/go.mod h1:lkE/on0NzCSbfQMwJWEXnKlxlpyiJPpuZBorvv/Q3RU=
github.com/aws/aws-sdk-go-v2/feature/ec2/imds v1.18.40 h1:r5aGipEVgI9aT/tAGjdrPbDQvIAKdTrS3rUPQtG4Rmo=
github.com/aws/aws-sdk-go-v2/feature/ec2/imds v1.18.40/go.mod h1:vOD3CnPxAdkL6MWZeROkZsTlskklMFfgVFkHzx/oZpY=
github.com/aws/aws-sdk-go-v2/internal/configsources v1.4.40 h1:UIXlbijuB2XK1Kr57fo8iIxCuaSHJzwZ1uo+2tbEYIk=
github.com/aws/aws-sdk-go-v2/internal/configsources v1.4.40/go.mod h1:wcEsL6jscjZjVUinb0Q5qD/GXOG1yT3GNfmT9HuDwzU=
github.com/aws/aws-sdk-go-v2/internal/endpoints/v2 v2.7.40 h1:xLQVRDs2NddDmK9BEyh5KSlJ1Gpy5/GIJXrV6WcVGAE=
github.com/aws/aws-sdk-go-v2/internal/endpoints/v2 v2.7.40/go.mod h1:XRXnpFVFGLaEVK+olDdFIM1vNa04ETW452oFGEPUxAo=
github.com/aws/aws-sdk-go-v2/internal/v4a v1.4.41 h1:nv/ILuCY0yXACzMQwvtt/HbqDDjemZiI0AeDbxGQlnU=
github.com/aws/aws-sdk-go-v2/internal/v4a v1.4.41/go.mod h1:dzvOSpxaPqQ3j0xS6Lc1vyVuWW0RBj7s/QqYpzu3Q/0=
github.com/aws/aws-sdk-go-v2/service/dynamodb v1.64.0 h1:lcuNsR2eQT2X/z9nMnWpsuEM5Aty1sE5OVd0FYPND4k=
github.com/aws/aws-sdk-go-v2/service/dynamodb v1.64.0/go.mod h1:hZmZa5L5yWCqF5W6g7oLUjOlUL4Cr4W2GoE/fwnkGHs=
github.com/aws/aws-sdk-go-v2/service/dynamodbstreams v1.37.0 h1:+sZyUdyVHTrgv765jjtVBgHD9cphr+MakVPOcfwZn2k=
github.com/aws/aws-sdk-go-v2/service/dynamodbstreams v1.37.0/go.mod h1:NOLiFrvyp4qB9SlTrChjKhMRReNvCJPRQl9zEhxwViI=
github.com/aws/aws-sdk-go-v2/service/internal/accept-encoding v1.13.19 h1:bAdDl/HkGCcGPoe25ToSHEw23VIxt6CT5fLcg111BKg=
github.com/aws/aws-sdk-go-v2/service/internal/accept-encoding v1.13.19/go.mod h1:KaUzbLxv4CeSxh6ZCl9B4m7CuFenS8kUEaDs+f/DQr4=
github.com/aws/aws-sdk-go-v2/service/internal/endpoint-discovery v1.12.17 h1:mA+kaGdCSZJJ4Ky4iRpys/nPQb5z6yudDDMt/Qhzl6c=
github.com/aws/aws-sdk-go-v2/service/internal/endpoint-discovery v1.12.17/go.mod h1:IaH0YDae4jwXqHF1oqR9Lgg6nlYagIvd3S0KBLhwqEY=
github.com/aws/aws-sdk-go-v2/service/internal/presigned-url v1.13.40 h1:gr3Fw1cxZXNCdeo/lQ7isHEHzvHVM7z75qb2zW9aMjw=
github.com/aws/aws-sdk-go-v2/service/internal/presigned-url v1.13.40/go.mod h1:8z/9CmfnQhiuXD7Ykbcg4a/whSWsniE0ODSx9uwVzfk=
github.com/aws/aws-sdk-go-v2/service/signin v1.6.0 h1:agcr0j8YeFEzdXNo17Rg9MbbjLRjrimabwNtji4e+lU=
github.com/aws/aws-sdk-go-v2/service/signin v1.6.0/go.mod h1:qU5PxgQ4JiUOOMotzfO3+5oUda5W+8JDVKyLQqlrJik=
github.com/aws/aws-sdk-go-v2/service/sso v1.34.0 h1:FxaN8/sn61DTXNI6Gt678tFJUY8iUsCchm6Y/F/RjaA=
github.com/aws/aws-sdk-go-v2/service/sso v1.34.0/go.mod h1:vu4OY6s8LJtT8BtYG2LD6BGSZMptkYn3o5hvCPB22jc=
github.com/aws/aws-sdk-go-v2/service/ssooidc v1.39.0 h1:crWKPeGYTBTuBxQ3p73kjfJvt4brUIsr+Fuypko8FxY=
github.com/aws/aws-sdk-go-v2/service/ssooidc v1.39.0/go.mod h1:HjjZVhaBz0JBR/kbWKThmNDhFKS7y6EURuk493tJk9Y=
github.com/aws/aws-sdk-go-v2/service/sts v1.46.0 h1:IZ63JdogSNNjex/jsODNv7jGDcO/xJYd9FsgyfCsp1g=
github.com/aws/aws-sdk-go-v2/service/sts v1.46.0/go.mod h1:I+rwAf3spG5dITBaAo3xXRowk8kiOhtU1kYxfvCTC44=
github.com/aws/smithy-go v1.28.1 h1:R/nXH00c8qcfCzQVELtRw+eLQWtzv+VAIEFJ1/xxXlQ=
github.com/aws/smithy-go v1.28.1/go.mod h1:YE2RhdIuDbA5E5bTdciG9KrW3+TiEONeUWCqxX9i1Fc=
github.com/awslabs/aws-lambda-go-api-proxy v0.16.2 h1:CJyGEyO1CIwOnXTU40urf0mchf6t3voxpvUDikOU9LY=
github.com/awslabs/aws-lambda-go-api-proxy v0.16.2/go.mod h1:vxxjwBHe/KbgFeNlAP/Tvp4SsVRL3WQamcWRxqVh0z0=
github.com/davecgh/go-spew v1.1.1 h1:vj9j/u1bqnvCEfJOwUhtlOARqs3+rkHYY13jYWTU97c=
github.com/davecgh/go-spew v1.1.1/go.mod h1:J7Y8YcW2NihsgmVo/mv3lAwl/skON4iLHjSsI+c5H38=
github.com/fsnotify/fsnotify v1.7.0 h1:8JEhPFa5W2WU7YfeZzPNqzMP6Lwt7L2715Ggo0nosvA=
github.com/fsnotify/fsnotify v1.7.0/go.mod h1:40Bi/Hjc2AVfZrqy+aj+yEI+/bRxZnMJyTJwOpGvigM=
github.com/google/go-cmp v0.6.0 h1:ofyhxvXcZhMsU5ulbFiLKl/XBFqE1GSq7atu8tAmTRI=
github.com/google/go-cmp v0.6.0/go.mod h1:17dUlkBOakJ0+DkrSSNjCkIjxS6bF9zb3elmeNGIjoY=
github.com/nxadm/tail v1.4.11 h1:8feyoE3OzPrcshW5/MJ4sGESc5cqmGkGCWlco4l0bqY=
github.com/nxadm/tail v1.4.11/go.mod h1:OTaG3NK980DZzxbRq6lEuzgU+mug70nY11sMd4JXXHc=
github.com/onsi/ginkgo v1.16.5 h1:8xi0RTUf59SOSfEtZMvwTvXYMzG4gV23XVHOZiXNtnE=
github.com/onsi/ginkgo v1.16.5/go.mod h1:+E8gABHa3K6zRBolWtd+ROzc/U5bkGt0FwiG042wbpU=
github.com/onsi/gomega v1.27.7 h1:fVih9JD6ogIiHUN6ePK7HJidyEDpWGVB5mzM7cWNXoU=
github.com/onsi/gomega v1.27.7/go.mod h1:1p8OOlwo2iUUDsHnOrjE5UKYJ+e3W8eQ3qSlRahPmr4=
github.com/pmezard/go-difflib v1.0.0 h1:4DBwDE0NGyQoBHbLQYPwSUPoCMWR5BEzIk/f1lZbAQM=
github.com/pmezard/go-difflib v1.0.0/go.mod h1:iKH77koFhYxTK1pcRnkKkqfTogsbg7gZNVY4sRDYZ/4=
github.com/stretchr/testify v1.7.2 h1:4jaiDzPyXQvSd7D0EjG45355tLlV3VOECpq10pLC+8s=
github.com/stretchr/testify v1.7.2/go.mod h1:R6va5+xMeoiuVRoj+gSkQ7d3FALtqAAGI1FQKckRals=
golang.org/x/net v0.21.0 h1:AQyQV4dYCvJ7vGmJyKki9+PBdyvhkSd8EIx/qb0AYv4=
golang.org/x/net v0.21.0/go.mod h1:bIjVDfnllIU7BJ2DNgfnXvpSvtn8VRwhlsaeUTyUS44=
golang.org/x/sys v0.30.0 h1:QjkSwP/36a20jFYWkSue1YwXzLmsV5Gfq7Eiy72C1uc=
golang.org/x/sys v0.30.0/go.mod h1:/VUhepiaJMQUp4+oa/7Zr1D23ma6VTLIYjOOTFZPUcA=
golang.org/x/text v0.22.0 h1:bofq7m3/HAFvbF51jz3Q9wLg3jkvSPuiZu/pD1XwgtM=
golang.org/x/text v0.22.0/go.mod h1:YRoo4H8PVmsu+E3Ou7cqLVH8oXWIHVoX0jqUWALQhfY=
gopkg.in/tomb.v1 v1.0.0-20141024135613-dd632973f1e7 h1:uRGJdciOHaEIrze2W8Q3AKkepLTh2hOroT7a+7czfdQ=
gopkg.in/tomb.v1 v1.0.0-20141024135613-dd632973f1e7/go.mod h1:dt/ZhP58zS4L8KSrWDmTeBkI65Dw0HsyUHuEVlX15mw=
gopkg.in/yaml.v3 v3.0.1 h1:fxVm/GzAzEWqLHuvctI91KS9hhNmmWOoWu0XTYJS7CA=
gopkg.in/yaml.v3 v3.0.1/go.mod h1:K4uyk7z7BCEPqu6E+C64Yfv1cQ7kz7rIZviUmN+EgEM=
